
Microsoft Visual Studio Solution File, Format Version 12.00
# Visual Studio Version 17
VisualStudioVersion = 17.0.31903.59
MinimumVisualStudioVersion = 10.0.40219.1
Project("{FAE04EC0-301F-11D3-BF4B-00C04F79EFBC}") = "api", "api\api.csproj", "{0BA41A14-9076-4597-A7AD-9CBACC2F1436}"
EndProject
Project("{FAE04EC0-301F-11D3-BF4B-00C04F79EFBC}") = "efscaffold", "efscaffold\efscaffold.csproj", "{1231A0C3-0A5E-418B-BA84-6BD225FE4F8A}"
EndProject
Project("{FAE04EC0-301F-11D3-BF4B-00C04F79EFBC}") = "Tests", "Tests\Tests.csproj", "{7B15BF11-22A2-4378-A0A0-AB6A62F55A43}"
EndProject
Project("{FAE04EC0-301F-11D3-BF4B-00C04F79EFBC}") = "DataAccess", "DataAccess\DataAccess.csproj", "{FB43891E-AACD-4A93-99DA-26B3D49C9E24}"
EndProject
Global
	GlobalSection(SolutionConfigurationPlatforms) = preSolution
		Debug|Any CPU = Debug|Any CPU
		Debug|x64 = Debug|x64
		Debug|x86 = Debug|x86
		Release|Any CPU = Release|Any CPU
		Release|x64 = Release|x64
		Release|x86 = Release|x86
	EndGlobalSection
	GlobalSection(ProjectConfigurationPlatforms) = postSolution
		{0BA41A14-9076-4597-A7AD-9CBACC2F1436}.Debug|Any CPU.ActiveCfg = Debug|Any CPU
		{0BA41A14-9076-4597-A7AD-9CBACC2F1436}.Debug|Any CPU.Build.0 = Debug|Any CPU
		{0BA41A14-9076-4597-A7AD-9CBACC2F1436}.Debug|x64.ActiveCfg = Debug|Any CPU
		{0BA41A14-9076-4597-A7AD-9CBACC2F1436}.Debug|x64.Build.0 = Debug|Any CPU
		{0BA41A14-9076-4597-A7AD-9CBACC2F1436}.Debug|x86.ActiveCfg = Debug|Any CPU
		{0BA41A14-9076-4597-A7AD-9CBACC2F1436}.Debug|x86.Build.0 = Debug|Any CPU
		{0BA41A14-9076-4597-A7AD-9CBACC2F1436}.Release|Any CPU.ActiveCfg = Release|Any CPU
		{0BA41A14-9076-4597-A7AD-9CBACC2F1436}.Release|Any CPU.Build.0 = Release|Any CPU
		{0BA41A14-9076-4597-A7AD-9CBACC2F1436}.Release|x64.ActiveCfg = Release|Any CPU
		{0BA41A14-9076-4597-A7AD-9CBACC2F1436}.Release|x64.Build.0 = Release|Any CPU
		{0BA41A14-9076-4597-A7AD-9CBACC2F1436}.Release|x86.ActiveCfg = Release|Any CPU
		{0BA41A14-9076-4597-A7AD-9CBACC2F1436}.Release|x86.Build.0 = Release|Any CPU
		{1231A0C3-0A5E-418B-BA84-6BD225FE4F8A}.Debug|Any CPU.ActiveCfg = Debug|Any CPU
		{1231A0C3-0A5E-418B-BA84-6BD225FE4F8A}.Debug|Any CPU.Build.0 = Debug|Any CPU
		{1231A0C3-0A5E-418B-BA84-6BD225FE4F8A}.Debug|x64.ActiveCfg = Debug|Any CPU
		{1231A0C3-0A5E-418B-BA84-6BD225FE4F8A}.Debug|x64.Build.0 = Debug|Any CPU
		{1231A0C3-0A5E-418B-BA84-6BD225FE4F8A}.Debug|x86.ActiveCfg = Debug|Any CPU
		{1231A0C3-0A5E-418B-BA84-6BD225FE4F8A}.Debug|x86.Build.0 = Debug|Any CPU
		{1231A0C3-0A5E-418B-BA84-6BD225FE4F8A}.Release|Any CPU.ActiveCfg = Release|Any CPU
		{1231A0C3-0A5E-418B-BA84-6BD225FE4F8A}.Release|Any CPU.Build.0 = Release|Any CPU
		{1231A0C3-0A5E-418B-BA84-6BD225FE4F8A}.Release|x64.ActiveCfg = Release|Any CPU
		{1231A0C3-0A5E-418B-BA84-6BD225FE4F8A}.Release|x64.Build.0 = Release|Any CPU
		{1231A0C3-0A5E-418B-BA84-6BD225FE4F8A}.Release|x86.ActiveCfg = Release|Any CPU
		{1231A0C3-0A5E-418B-BA84-6BD225FE4F8A}.Release|x86.Build.0 = Release|Any CPU
		{7B15BF11-22A2-4378-A0A0-AB6A62F55A43}.Debug|Any CPU.ActiveCfg = Debug|Any CPU
		{7B15BF11-22A2-4378-A0A0-AB6A62F55A43}.Debug|Any CPU.Build.0 = Debug|Any CPU
		{7B15BF11-22A2-4378-A0A0-AB6A62F55A43}.Debug|x64.ActiveCfg = Debug|Any CPU
		{7B15BF11-22A2-4378-A0A0-AB6A62F55A43}.Debug|x64.Build.0 = Debug|Any CPU
		{7B15BF11-22A2-4378-A0A0-AB6A62F55A43}.Debug|x86.ActiveCfg = Debug|Any CPU
		{7B15BF11-22A2-4378-A0A0-AB6A62F55A43}.Debug|x86.Build.0 = Debug|Any CPU
		{7B15BF11-22A2-4378-A0A0-AB6A62F55A43}.Release|Any CPU.ActiveCfg = Release|Any CPU
		{7B15BF11-22A2-4378-A0A0-AB6A62F55A43}.Release|Any CPU.Build.0 = Release|Any CPU
		{7B15BF11-22A2-4378-A0A0-AB6A62F55A43}.Release|x64.ActiveCfg = Release|Any CPU
		{7B15BF11-22A2-4378-A0A0-AB6A62F55A43}.Release|x64.Build.0 = Release|Any CPU
		{7B15BF11-22A2-4378-A0A0-AB6A62F55A43}.Release|x86.ActiveCfg = Release|Any CPU
		{7B15BF11-22A2-4378-A0A0-AB6A62F55A43}.Release|x86.Build.0 = Release|Any CPU
		{FB43891E-AACD-4A93-99DA-26B3D49C9E24}.Debug|Any CPU.ActiveCfg = Debug|Any CPU
		{FB43891E-AACD-4A93-99DA-26B3D49C9E24}.Debug|Any CPU.Build.0 = Debug|Any CPU
		{FB43891E-AACD-4A93-99DA-26B3D49C9E24}.Debug|x64.ActiveCfg = Debug|Any CPU
		{FB43891E-AACD-4A93-99DA-26B3D49C9E24}.Debug|x64.Build.0 = Debug|Any CPU
		{FB43891E-AACD-4A93-99DA-26B3D49C9E24}.Debug|x86.ActiveCfg = Debug|Any CPU
		{FB43891E-AACD-4A93-99DA-26B3D49C9E24}.Debug|x86.Build.0 = Debug|Any CPU
		{FB43891E-AACD-4A93-99DA-26B3D49C9E24}.Release|Any CPU.ActiveCfg = Release|Any CPU
		{FB43891E-AACD-4A93-99DA-26B3D49C9E24}.Release|Any CPU.Build.0 = Release|Any CPU
		{FB43891E-AACD-4A93-99DA-26B3D49C9E24}.Release|x64.ActiveCfg = Release|Any CPU
		{FB43891E-AACD-4A93-99DA-26B3D49C9E24}.Release|x64.Build.0 = Release|Any CPU
		{FB43891E-AACD-4A93-99DA-26B3D49C9E24}.Release|x86.ActiveCfg = Release|Any CPU
		{FB43891E-AACD-4A93-99DA-26B3D49C9E24}.Release|x86.Build.0 = Release|Any CPU
	EndGlobalSection
	GlobalSection(SolutionProperties) = preSolution
		HideSolutionNode = FALSE
	EndGlobalSection
	GlobalSection(NestedProjects) = preSolution
	EndGlobalSection
EndGlobal
